<Solution>
  <Folder Name="/src/">
    <Project Path="src/Einzel.Analysis/Einzel.Analysis.csproj" />
    <Project Path="src/Einzel.Cli/Einzel.Cli.csproj" />
    <Project Path="src/Einzel.Commands/Einzel.Commands.csproj" />
    <Project Path="src/Einzel.Core/Einzel.Core.csproj" />
    <Project Path="src/Einzel.Extensions/Einzel.Extensions.csproj" />
    <Project Path="src/Einzel.Fields/Einzel.Fields.csproj" />
    <Project Path="src/Einzel.Io/Einzel.Io.csproj" />
    <Project Path="src/Einzel.Library/Einzel.Library.csproj" />
    <Project Path="src/Einzel.Project/Einzel.Project.csproj" />
    <Project Path="src/Einzel.Render/Einzel.Render.csproj" />
    <Project Path="src/Einzel.Sweeps/Einzel.Sweeps.csproj" />
    <Project Path="src/Einzel.Transport/Einzel.Transport.csproj" />
  </Folder>
  <Folder Name="/tests/">
    <Project Path="tests/Einzel.Cli.Tests/Einzel.Cli.Tests.csproj" />
    <Project Path="tests/Einzel.Core.Tests/Einzel.Core.Tests.csproj" />
    <Project Path="tests/Einzel.Extensions.Tests/Einzel.Extensions.Tests.csproj" />
    <Project Path="tests/Einzel.Fields.Tests/Einzel.Fields.Tests.csproj" />
    <Project Path="tests/Einzel.Io.Tests/Einzel.Io.Tests.csproj" />
    <Project Path="tests/Einzel.Library.Tests/Einzel.Library.Tests.csproj" />
    <Project Path="tests/Einzel.Render.Tests/Einzel.Render.Tests.csproj" />
    <Project Path="tests/Einzel.Sweeps.Tests/Einzel.Sweeps.Tests.csproj" />
    <Project Path="tests/Einzel.Transport.Tests/Einzel.Transport.Tests.csproj" />
  </Folder>
</Solution>
